
Microsoft Visual Studio Solution File, Format Version 12.00
# Visual Studio Version 17
VisualStudioVersion = 17.11.35208.52
MinimumVisualStudioVersion = 10.0.40219.1
Project("{8BC9CEB8-8B4A-11D0-8D11-00A0C91BC942}") = "Zima", "Zima\Zima.vcxproj", "{306F3588-961D-45D6-B2E9-71C6505DAEC3}"
EndProject
Global
	GlobalSection(SolutionConfigurationPlatforms) = preSolution
		Debug|x64 = Debug|x64
		Debug|x86 = Debug|x86
		Release|x64 = Release|x64
		Release|x86 = Release|x86
	EndGlobalSection
	GlobalSection(ProjectConfigurationPlatforms) = postSolution
		{306F3588-961D-45D6-B2E9-71C6505DAEC3}.Debug|x64.ActiveCfg = Debug|x64
		{306F3588-961D-45D6-B2E9-71C6505DAEC3}.Debug|x64.Build.0 = Debug|x64
		{306F3588-961D-45D6-B2E9-71C6505DAEC3}.Debug|x86.ActiveCfg = Debug|Win32
		{306F3588-961D-45D6-B2E9-71C6505DAEC3}.Debug|x86.Build.0 = Debug|Win32
		{306F3588-961D-45D6-B2E9-71C6505DAEC3}.Release|x64.ActiveCfg = Release|x64
		{306F3588-961D-45D6-B2E9-71C6505DAEC3}.Release|x64.Build.0 = Release|x64
		{306F3588-961D-45D6-B2E9-71C6505DAEC3}.Release|x86.ActiveCfg = Release|Win32
		{306F3588-961D-45D6-B2E9-71C6505DAEC3}.Release|x86.Build.0 = Release|Win32
	EndGlobalSection
	GlobalSection(SolutionProperties) = preSolution
		HideSolutionNode = FALSE
	EndGlobalSection
	GlobalSection(ExtensibilityGlobals) = postSolution
		SolutionGuid = {B92558C4-B788-453A-A24A-A2F4A9E5C037}
	EndGlobalSection
EndGlobal
